
Microsoft Visual Studio Solution File, Format Version 12.00
# Visual Studio Version 16
VisualStudioVersion = 16.0.31025.194
MinimumVisualStudioVersion = 10.0.40219.1
Project("{FAE04EC0-301F-11D3-BF4B-00C04F79EFBC}") = "beuStudent", "beuStudent\beuStudent.csproj", "{5DDE0BF8-6E42-4987-B1CD-A7BFC68A2AED}"
EndProject
Global
	GlobalSection(SolutionConfigurationPlatforms) = preSolution
		Debug|Any CPU = Debug|Any CPU
		Release|Any CPU = Release|Any CPU
	EndGlobalSection
	GlobalSection(ProjectConfigurationPlatforms) = postSolution
		{5DDE0BF8-6E42-4987-B1CD-A7BFC68A2AED}.Debug|Any CPU.ActiveCfg = Debug|Any CPU
		{5DDE0BF8-6E42-4987-B1CD-A7BFC68A2AED}.Debug|Any CPU.Build.0 = Debug|Any CPU
		{5DDE0BF8-6E42-4987-B1CD-A7BFC68A2AED}.Release|Any CPU.ActiveCfg = Release|Any CPU
		{5DDE0BF8-6E42-4987-B1CD-A7BFC68A2AED}.Release|Any CPU.Build.0 = Release|Any CPU
	EndGlobalSection
	GlobalSection(SolutionProperties) = preSolution
		HideSolutionNode = FALSE
	EndGlobalSection
	GlobalSection(ExtensibilityGlobals) = postSolution
		SolutionGuid = {901EFAC2-7FBC-43E6-8334-3E7BE93DF7AB}
	EndGlobalSection
EndGlobal
